<?xml version="1.0" encoding="utf-8"?>
<Project ToolsVersion="4.0" xmlns="http://schemas.microsoft.com/developer/msbuild/2003">
  <ItemGroup>
    <Filter Include="Archivos de origen">
      <UniqueIdentifier>{4FC737F1-C7A5-4376-A066-2A32D752A2FF}</UniqueIdentifier>
      <Extensions>cpp;c;cc;cxx;c++;cppm;ixx;def;odl;idl;hpj;bat;asm;asmx</Extensions>
    </Filter>
    <Filter Include="Archivos de encabezado">
      <UniqueIdentifier>{93995380-89BD-4b04-88EB-625FBE52EBFB}</UniqueIdentifier>
      <Extensions>h;hh;hpp;hxx;h++;hm;inl;inc;ipp;xsd</Extensions>
    </Filter>
    <Filter Include="Archivos de recursos">
      <UniqueIdentifier>{67DA6AB6-F800-4c08-8B7A-83BB121AAD01}</UniqueIdentifier>
      <Extensions>rc;ico;cur;bmp;dlg;rc2;rct;bin;rgs;gif;jpg;jpeg;jpe;resx;tiff;tif;png;wav;mfcribbon-ms</Extensions>
    </Filter>
  </ItemGroup>
  <ItemGroup>
    <ClInclude Include="RDEModel.h">
      <Filter>Archivos de encabezado</Filter>
    </ClInclude>
    <ClInclude Include="Resource.h">
      <Filter>Archivos de encabezado</Filter>
    </ClInclude>
    <ClInclude Include="pch.h">
      <Filter>Archivos de encabezado</Filter>
    </ClInclude>
    <ClInclude Include="admin.h">
      <Filter>Archivos de encabezado</Filter>
    </ClInclude>
    <ClInclude Include="card.h">
      <Filter>Archivos de encabezado</Filter>
    </ClInclude>
    <ClInclude Include="door.h">
      <Filter>Archivos de encabezado</Filter>
    </ClInclude>
    <ClInclude Include="doorRegister.h">
      <Filter>Archivos de encabezado</Filter>
    </ClInclude>
    <ClInclude Include="interface.h">
      <Filter>Archivos de encabezado</Filter>
    </ClInclude>
    <ClInclude Include="motor.h">
      <Filter>Archivos de encabezado</Filter>
    </ClInclude>
    <ClInclude Include="parkingLot.h">
      <Filter>Archivos de encabezado</Filter>
    </ClInclude>
    <ClInclude Include="parkingSite.h">
      <Filter>Archivos de encabezado</Filter>
    </ClInclude>
    <ClInclude Include="person.h">
      <Filter>Archivos de encabezado</Filter>
    </ClInclude>
    <ClInclude Include="sensor.h">
      <Filter>Archivos de encabezado</Filter>
    </ClInclude>
    <ClInclude Include="systemRegister.h">
      <Filter>Archivos de encabezado</Filter>
    </ClInclude>
    <ClInclude Include="user.h">
      <Filter>Archivos de encabezado</Filter>
    </ClInclude>
    <ClInclude Include="vehicle.h">
      <Filter>Archivos de encabezado</Filter>
    </ClInclude>
    <ClInclude Include="workHours.h">
      <Filter>Archivos de encabezado</Filter>
    </ClInclude>
    <ClInclude Include="zone.h">
      <Filter>Archivos de encabezado</Filter>
    </ClInclude>
    <ClInclude Include="request.h">
      <Filter>Archivos de encabezado</Filter>
    </ClInclude>
    <ClInclude Include="doorRegisterxCard.h">
      <Filter>Archivos de encabezado</Filter>
    </ClInclude>
    <ClInclude Include="ParkingSitexParkingLot.h">
      <Filter>Archivos de encabezado</Filter>
    </ClInclude>
    <ClInclude Include="doorRegisterxDay.h">
      <Filter>Archivos de encabezado</Filter>
    </ClInclude>
    <ClInclude Include="doorRegisterxDoor.h">
      <Filter>Archivos de encabezado</Filter>
    </ClInclude>
    <ClInclude Include="ZonexParkingSite.h">
      <Filter>Archivos de encabezado</Filter>
    </ClInclude>
  </ItemGroup>
  <ItemGroup>
    <ClCompile Include="RDEModel.cpp">
      <Filter>Archivos de origen</Filter>
    </ClCompile>
    <ClCompile Include="AssemblyInfo.cpp">
      <Filter>Archivos de origen</Filter>
    </ClCompile>
    <ClCompile Include="pch.cpp">
      <Filter>Archivos de origen</Filter>
    </ClCompile>
    <ClCompile Include="admin.cpp">
      <Filter>Archivos de origen</Filter>
    </ClCompile>
    <ClCompile Include="card.cpp">
      <Filter>Archivos de origen</Filter>
    </ClCompile>
    <ClCompile Include="door.cpp">
      <Filter>Archivos de origen</Filter>
    </ClCompile>
    <ClCompile Include="doorRegister.cpp">
      <Filter>Archivos de origen</Filter>
    </ClCompile>
    <ClCompile Include="interface.cpp">
      <Filter>Archivos de origen</Filter>
    </ClCompile>
    <ClCompile Include="motor.cpp">
      <Filter>Archivos de origen</Filter>
    </ClCompile>
    <ClCompile Include="parkingLot.cpp">
      <Filter>Archivos de origen</Filter>
    </ClCompile>
    <ClCompile Include="parkingSite.cpp">
      <Filter>Archivos de origen</Filter>
    </ClCompile>
    <ClCompile Include="person.cpp">
      <Filter>Archivos de origen</Filter>
    </ClCompile>
    <ClCompile Include="sensor.cpp">
      <Filter>Archivos de origen</Filter>
    </ClCompile>
    <ClCompile Include="systemRegister.cpp">
      <Filter>Archivos de origen</Filter>
    </ClCompile>
    <ClCompile Include="user.cpp">
      <Filter>Archivos de origen</Filter>
    </ClCompile>
    <ClCompile Include="vehicle.cpp">
      <Filter>Archivos de origen</Filter>
    </ClCompile>
    <ClCompile Include="workHours.cpp">
      <Filter>Archivos de origen</Filter>
    </ClCompile>
    <ClCompile Include="zone.cpp">
      <Filter>Archivos de origen</Filter>
    </ClCompile>
    <ClCompile Include="request.cpp">
      <Filter>Archivos de origen</Filter>
    </ClCompile>
    <ClCompile Include="doorRegisterxCard.cpp">
      <Filter>Archivos de origen</Filter>
    </ClCompile>
    <ClCompile Include="ParkingSitexParkingLot.cpp">
      <Filter>Archivos de origen</Filter>
    </ClCompile>
    <ClCompile Include="doorRegisterxDay.cpp">
      <Filter>Archivos de origen</Filter>
    </ClCompile>
    <ClCompile Include="doorRegisterxDoor.cpp">
      <Filter>Archivos de origen</Filter>
    </ClCompile>
    <ClCompile Include="ZonexParkingSite.cpp">
      <Filter>Archivos de origen</Filter>
    </ClCompile>
  </ItemGroup>
  <ItemGroup>
    <ResourceCompile Include="app.rc">
      <Filter>Archivos de recursos</Filter>
    </ResourceCompile>
  </ItemGroup>
  <ItemGroup>
    <Image Include="app.ico">
      <Filter>Archivos de recursos</Filter>
    </Image>
  </ItemGroup>
</Project>