<?xml version="1.0" encoding="utf-8"?>
<Project ToolsVersion="4.0" xmlns="http://schemas.microsoft.com/developer/msbuild/2003">
  <ItemGroup>
    <Filter Include="Archivos de origen">
      <UniqueIdentifier>{4FC737F1-C7A5-4376-A066-2A32D752A2FF}</UniqueIdentifier>
      <Extensions>cpp;c;cc;cxx;c++;cppm;ixx;def;odl;idl;hpj;bat;asm;asmx</Extensions>
    </Filter>
    <Filter Include="Archivos de encabezado">
      <UniqueIdentifier>{93995380-89BD-4b04-88EB-625FBE52EBFB}</UniqueIdentifier>
      <Extensions>h;hh;hpp;hxx;h++;hm;inl;inc;ipp;xsd</Extensions>
    </Filter>
    <Filter Include="Archivos de recursos">
      <UniqueIdentifier>{67DA6AB6-F800-4c08-8B7A-83BB121AAD01}</UniqueIdentifier>
      <Extensions>rc;ico;cur;bmp;dlg;rc2;rct;bin;rgs;gif;jpg;jpeg;jpe;resx;tiff;tif;png;wav;mfcribbon-ms</Extensions>
    </Filter>
  </ItemGroup>
  <ItemGroup>
    <ClCompile Include="RDELog.cpp">
      <Filter>Archivos de origen</Filter>
    </ClCompile>
    <ClCompile Include="RDEMasterMenu.cpp">
      <Filter>Archivos de origen</Filter>
    </ClCompile>
    <ClCompile Include="InterfaceProfile.cpp">
      <Filter>Archivos de origen</Filter>
    </ClCompile>
    <ClCompile Include="RDEReg.cpp">
      <Filter>Archivos de origen</Filter>
    </ClCompile>
    <ClCompile Include="InterfaceInscription.cpp">
      <Filter>Archivos de origen</Filter>
    </ClCompile>
    <ClCompile Include="InterfaceRequest.cpp">
      <Filter>Archivos de origen</Filter>
    </ClCompile>
    <ClCompile Include="InterfaceRDE.cpp">
      <Filter>Archivos de origen</Filter>
    </ClCompile>
    <ClCompile Include="MantVehicles.cpp">
      <Filter>Archivos de origen</Filter>
    </ClCompile>
    <ClCompile Include="MantPerson.cpp">
      <Filter>Archivos de origen</Filter>
    </ClCompile>
    <ClCompile Include="MantUser.cpp">
      <Filter>Archivos de origen</Filter>
    </ClCompile>
    <ClCompile Include="MantAdmin.cpp">
      <Filter>Archivos de origen</Filter>
    </ClCompile>
    <ClCompile Include="MantCard.cpp">
      <Filter>Archivos de origen</Filter>
    </ClCompile>
    <ClCompile Include="MantDoor.cpp">
      <Filter>Archivos de origen</Filter>
    </ClCompile>
    <ClCompile Include="MantParkingLot.cpp">
      <Filter>Archivos de origen</Filter>
    </ClCompile>
    <ClCompile Include="MantParkingSite.cpp">
      <Filter>Archivos de origen</Filter>
    </ClCompile>
    <ClCompile Include="MantZone.cpp">
      <Filter>Archivos de origen</Filter>
    </ClCompile>
    <ClCompile Include="EnrolamientoTarjeta.cpp">
      <Filter>Archivos de origen</Filter>
    </ClCompile>
    <ClCompile Include="MantRequest.cpp">
      <Filter>Archivos de origen</Filter>
    </ClCompile>
  </ItemGroup>
  <ItemGroup>
    <ClInclude Include="RDELog.h">
      <Filter>Archivos de encabezado</Filter>
    </ClInclude>
    <ClInclude Include="RDEMasterMenu.h">
      <Filter>Archivos de encabezado</Filter>
    </ClInclude>
    <ClInclude Include="InterfaceProfile.h">
      <Filter>Archivos de encabezado</Filter>
    </ClInclude>
    <ClInclude Include="RDEReg.h">
      <Filter>Archivos de encabezado</Filter>
    </ClInclude>
    <ClInclude Include="InterfaceInscription.h">
      <Filter>Archivos de encabezado</Filter>
    </ClInclude>
    <ClInclude Include="InterfaceRequest.h">
      <Filter>Archivos de encabezado</Filter>
    </ClInclude>
    <ClInclude Include="InterfaceRDE.h">
      <Filter>Archivos de encabezado</Filter>
    </ClInclude>
    <ClInclude Include="MantVehicles.h">
      <Filter>Archivos de encabezado</Filter>
    </ClInclude>
    <ClInclude Include="MantPerson.h">
      <Filter>Archivos de encabezado</Filter>
    </ClInclude>
    <ClInclude Include="MantUser.h">
      <Filter>Archivos de encabezado</Filter>
    </ClInclude>
    <ClInclude Include="MantAdmin.h">
      <Filter>Archivos de encabezado</Filter>
    </ClInclude>
    <ClInclude Include="MantCard.h">
      <Filter>Archivos de encabezado</Filter>
    </ClInclude>
    <ClInclude Include="MantDoor.h">
      <Filter>Archivos de encabezado</Filter>
    </ClInclude>
    <ClInclude Include="MantParkingLot.h">
      <Filter>Archivos de encabezado</Filter>
    </ClInclude>
    <ClInclude Include="MantParkingSite.h">
      <Filter>Archivos de encabezado</Filter>
    </ClInclude>
    <ClInclude Include="MantZone.h">
      <Filter>Archivos de encabezado</Filter>
    </ClInclude>
    <ClInclude Include="EnrolamientoTarjeta.h">
      <Filter>Archivos de encabezado</Filter>
    </ClInclude>
    <ClInclude Include="MantRequest.h">
      <Filter>Archivos de encabezado</Filter>
    </ClInclude>
  </ItemGroup>
</Project>